
Microsoft Visual Studio Solution File, Format Version 12.00
# Visual Studio 2012
Project("{2150E333-8FDC-42A3-9474-1A3956D46DE8}") = "SolutionItems", "SolutionItems", "{BA3D7587-33C2-443D-97F9-86C1BB72DED3}"
	ProjectSection(SolutionItems) = preProject
		ChangeLog.txt = ChangeLog.txt
		COPYING.txt = COPYING.txt
		DLL\Net20\NLog.dll = DLL\Net20\NLog.dll
		DLL\Net20\protobuf-net.dll = DLL\Net20\protobuf-net.dll
	EndProjectSection
EndProject
Project("{FAE04EC0-301F-11D3-BF4B-00C04F79EFBC}") = "NetworkCommsDotNet", "NetworkCommsDotNet\NetworkCommsDotNet.csproj", "{7DB00305-F5ED-4545-9D83-542132C8177E}"
EndProject
Project("{FAE04EC0-301F-11D3-BF4B-00C04F79EFBC}") = "DistributedFileSystem", "DistributedFileSystem\DistributedFileSystem.csproj", "{5CB68F8C-6002-45D2-9C5F-AE7CF455EB6E}"
EndProject
Project("{FAE04EC0-301F-11D3-BF4B-00C04F79EFBC}") = "QuickLZCompressor", "QuickLZCompressor\QuickLZCompressor.csproj", "{B659339D-A958-4F33-96E6-3A0CCFCBC5C1}"
EndProject
Project("{FAE04EC0-301F-11D3-BF4B-00C04F79EFBC}") = "SharpZipLibCompressor", "SharpZipLibCompressor\SharpZipLibCompressor.csproj", "{E10B41F4-696D-465C-963D-086488E2B6AA}"
EndProject
Project("{FAE04EC0-301F-11D3-BF4B-00C04F79EFBC}") = "SevenZipLZMACompressor", "SevenZipLZMACompressor\SevenZipLZMACompressor.csproj", "{7473F5FC-A9BE-454E-9BB4-2C8876304AB0}"
EndProject
Project("{FAE04EC0-301F-11D3-BF4B-00C04F79EFBC}") = "ExamplesConsole", "ExamplesConsole\ExamplesConsole.csproj", "{8EFAC467-5DE2-4AC8-B90F-45E215BD9C20}"
EndProject
Project("{FAE04EC0-301F-11D3-BF4B-00C04F79EFBC}") = "DebugTests", "DebugTests\DebugTests.csproj", "{A33EA8B0-EB46-493B-BE84-2CC325E66137}"
EndProject
Project("{8BC9CEB8-8B4A-11D0-8D11-00A0C91BC942}") = "SingleDllBuild", "SingleDllBuild\SingleDllBuild.vcxproj", "{B97A1312-9935-4AAE-A152-6246A5626245}"
EndProject
Project("{FAE04EC0-301F-11D3-BF4B-00C04F79EFBC}") = "DPSBase", "DPSBase\DPSBase.csproj", "{A38225E2-BEF8-4EA4-8AC9-4A5B4F5EA85D}"
EndProject
Project("{7CF6DF6D-3B04-46F8-A40B-537D21BCA0B4}") = "Documentation", "Documentation\Documentation.shfbproj", "{DFB5C120-3B1F-4466-9961-31206204C119}"
	ProjectSection(ProjectDependencies) = postProject
		{7DB00305-F5ED-4545-9D83-542132C8177E} = {7DB00305-F5ED-4545-9D83-542132C8177E}
		{8EFAC467-5DE2-4AC8-B90F-45E215BD9C20} = {8EFAC467-5DE2-4AC8-B90F-45E215BD9C20}
		{5CB68F8C-6002-45D2-9C5F-AE7CF455EB6E} = {5CB68F8C-6002-45D2-9C5F-AE7CF455EB6E}
		{B659339D-A958-4F33-96E6-3A0CCFCBC5C1} = {B659339D-A958-4F33-96E6-3A0CCFCBC5C1}
		{A38225E2-BEF8-4EA4-8AC9-4A5B4F5EA85D} = {A38225E2-BEF8-4EA4-8AC9-4A5B4F5EA85D}
		{E10B41F4-696D-465C-963D-086488E2B6AA} = {E10B41F4-696D-465C-963D-086488E2B6AA}
		{7473F5FC-A9BE-454E-9BB4-2C8876304AB0} = {7473F5FC-A9BE-454E-9BB4-2C8876304AB0}
	EndProjectSection
EndProject
Project("{FAE04EC0-301F-11D3-BF4B-00C04F79EFBC}") = "RemoteProcedureCalls", "RemoteProcedureCalls\RemoteProcedureCalls.csproj", "{BFB67E36-9DF1-473D-B5DC-D94C5199C624}"
EndProject
Project("{FAE04EC0-301F-11D3-BF4B-00C04F79EFBC}") = "ExamplesWPFChat", "ExamplesWPFChat\ExamplesWPFChat.csproj", "{1041C66C-6920-4D19-A922-C58783587F2F}"
EndProject
Project("{2150E333-8FDC-42A3-9474-1A3956D46DE8}") = "Core", "Core", "{E96BA153-0F56-48CD-84F8-38B4C209BD91}"
EndProject
Project("{2150E333-8FDC-42A3-9474-1A3956D46DE8}") = "Examples", "Examples", "{198D8231-B87A-403A-B2F4-7EE8FC86CBF9}"
EndProject
Project("{2150E333-8FDC-42A3-9474-1A3956D46DE8}") = "Extensions", "Extensions", "{0AFC4C8F-0F4A-4B4B-8074-556381D0EA0E}"
EndProject
Project("{2150E333-8FDC-42A3-9474-1A3956D46DE8}") = "Net40", "Net40", "{D64D747C-E635-4363-8903-8610862DE6AD}"
EndProject
Project("{FAE04EC0-301F-11D3-BF4B-00C04F79EFBC}") = "DPSBase", "Platforms\Net40\DPSBase\DPSBase.csproj", "{9A8E342F-2EB6-44ED-A305-A6E0074540C0}"
EndProject
Project("{2150E333-8FDC-42A3-9474-1A3956D46DE8}") = "DLL", "DLL", "{7C205F8D-858B-4596-8D6B-7622E4C51FD0}"
	ProjectSection(SolutionItems) = preProject
		DLL\Net40\NLog.dll = DLL\Net40\NLog.dll
		DLL\Net40\protobuf-net.dll = DLL\Net40\protobuf-net.dll
	EndProjectSection
EndProject
Project("{FAE04EC0-301F-11D3-BF4B-00C04F79EFBC}") = "SevenZipLZMACompressor", "Platforms\Net40\SevenZipLZMACompressor\SevenZipLZMACompressor.csproj", "{A95D9802-2E43-41C4-AA68-C78AAAFECE10}"
EndProject
Project("{FAE04EC0-301F-11D3-BF4B-00C04F79EFBC}") = "NetworkCommsDotNet", "Platforms\Net40\NetworkCommsDotNet\NetworkCommsDotNet.csproj", "{B0FD9F50-A375-44DD-AAAE-CCC2F94A99D1}"
EndProject
Project("{2150E333-8FDC-42A3-9474-1A3956D46DE8}") = "Core", "Core", "{24505CBC-406E-4BCE-91BD-281B89542F2C}"
EndProject
Project("{2150E333-8FDC-42A3-9474-1A3956D46DE8}") = "Extensions", "Extensions", "{6FDD05F5-4E42-4A39-97FA-FC30154180D0}"
EndProject
Project("{FAE04EC0-301F-11D3-BF4B-00C04F79EFBC}") = "QuickLZCompressor", "Platforms\Net40\QuickLZCompressor\QuickLZCompressor.csproj", "{847B756A-5952-4E07-9CA9-33EDA38F6020}"
EndProject
Project("{FAE04EC0-301F-11D3-BF4B-00C04F79EFBC}") = "SharpZipLibCompressor", "Platforms\Net40\SharpZipLibCompressor\SharpZipLibCompressor.csproj", "{F27F6581-D3FF-4EF1-8DC6-8DF8E53E4132}"
EndProject
Project("{2150E333-8FDC-42A3-9474-1A3956D46DE8}") = "Net35", "Net35", "{9FB4DE9F-644D-4005-9631-45082801B142}"
EndProject
Project("{2150E333-8FDC-42A3-9474-1A3956D46DE8}") = "DLL", "DLL", "{F2F16272-0EBB-45B8-BF72-446220805B3C}"
	ProjectSection(SolutionItems) = preProject
		DLL\Net35\NLog.dll = DLL\Net35\NLog.dll
		DLL\Net35\protobuf-net.dll = DLL\Net35\protobuf-net.dll
	EndProjectSection
EndProject
Project("{2150E333-8FDC-42A3-9474-1A3956D46DE8}") = "Core", "Core", "{489C84B9-652E-44B9-A9D8-F890E3323CEA}"
EndProject
Project("{2150E333-8FDC-42A3-9474-1A3956D46DE8}") = "Extensions", "Extensions", "{F00F5BE1-B77C-4684-82AA-E75B6E2D6064}"
EndProject
Project("{FAE04EC0-301F-11D3-BF4B-00C04F79EFBC}") = "DPSBase", "Platforms\Net35\DPSBase\DPSBase.csproj", "{B0732168-5A31-45CB-BD21-F40824E21B7D}"
EndProject
Project("{FAE04EC0-301F-11D3-BF4B-00C04F79EFBC}") = "SevenZipLZMACompressor", "Platforms\Net35\SevenZipLZMACompressor\SevenZipLZMACompressor.csproj", "{E6C67475-9EE3-475E-BAB7-4AB54A0A4D7D}"
EndProject
Project("{FAE04EC0-301F-11D3-BF4B-00C04F79EFBC}") = "NetworkCommsDotNet", "Platforms\Net35\NetworkCommsDotNet\NetworkCommsDotNet.csproj", "{220024A8-7ABF-42A6-A476-0684C1E65110}"
EndProject
Project("{FAE04EC0-301F-11D3-BF4B-00C04F79EFBC}") = "QuickLZCompressor", "Platforms\Net35\QuickLZCompressor\QuickLZCompressor.csproj", "{D61EA64F-C690-4F1C-A39F-CADB5F469715}"
EndProject
Project("{FAE04EC0-301F-11D3-BF4B-00C04F79EFBC}") = "SharpZipLibCompressor", "Platforms\Net35\SharpZipLibCompressor\SharpZipLibCompressor.csproj", "{775281EB-1028-4CB7-B2F0-A013CE6FA1ED}"
EndProject
Project("{2150E333-8FDC-42A3-9474-1A3956D46DE8}") = "Net20", "Net20", "{A9E07A71-B1DD-4FB1-8D9A-9D7A493FEBAB}"
EndProject
Project("{2150E333-8FDC-42A3-9474-1A3956D46DE8}") = "DLL", "DLL", "{771D4DAC-5637-4A7E-8697-0A65C57E541D}"
	ProjectSection(SolutionItems) = preProject
		DLL\Net20\NLog.dll = DLL\Net20\NLog.dll
		DLL\Net20\protobuf-net.dll = DLL\Net20\protobuf-net.dll
	EndProjectSection
EndProject
Project("{2150E333-8FDC-42A3-9474-1A3956D46DE8}") = "WP8", "WP8", "{BA450DBA-9A2A-4300-924F-19FB91AAA291}"
EndProject
Project("{2150E333-8FDC-42A3-9474-1A3956D46DE8}") = "Core", "Core", "{E38A04FD-8ECC-4388-AF83-A7A9CE6EC147}"
EndProject
Project("{2150E333-8FDC-42A3-9474-1A3956D46DE8}") = "DLL", "DLL", "{F9D7CD89-DEF0-4F70-B422-FD496421B5FD}"
	ProjectSection(SolutionItems) = preProject
		DLL\WP8\protobuf-net.dll = DLL\WP8\protobuf-net.dll
	EndProjectSection
EndProject
Project("{FAE04EC0-301F-11D3-BF4B-00C04F79EFBC}") = "DPSBase", "Platforms\WP8\DPSBase\DPSBase.csproj", "{E00BA640-8886-4FEE-8484-19CE7FB3D9BF}"
EndProject
Project("{FAE04EC0-301F-11D3-BF4B-00C04F79EFBC}") = "ExamplesWP8Chat", "Platforms\WP8\ExamplesWP8Chat\ExamplesWP8Chat.csproj", "{708DD7F1-2492-4193-B6D2-0ECC32DFFD41}"
EndProject
Project("{FAE04EC0-301F-11D3-BF4B-00C04F79EFBC}") = "SevenZipLZMACompressor", "Platforms\WP8\SevenZipLZMACompressor\SevenZipLZMACompressor.csproj", "{69544DA2-22F5-417B-80E4-0FFB3851662C}"
EndProject
Project("{FAE04EC0-301F-11D3-BF4B-00C04F79EFBC}") = "NetworkCommsDotNet", "Platforms\WP8\NetworkCommsDotNet\NetworkCommsDotNet.csproj", "{C9872F18-12FB-4933-B2AF-F86710D4E1D8}"
EndProject
Project("{F184B08F-C81C-45F6-A57F-5ABD9991F28F}") = "ExamplesConsole.VB", "ExamplesConsole.VB\ExamplesConsole.VB.vbproj", "{825093FC-FC5F-4AEB-96C6-B9569B5EF18A}"
EndProject
Global
	GlobalSection(SolutionConfigurationPlatforms) = preSolution
		Debug|Any CPU = Debug|Any CPU
		Debug|ARM = Debug|ARM
		Debug|x86 = Debug|x86
		Documentation|Any CPU = Documentation|Any CPU
		Documentation|ARM = Documentation|ARM
		Documentation|x86 = Documentation|x86
		Release|Any CPU = Release|Any CPU
		Release|ARM = Release|ARM
		Release|x86 = Release|x86
	EndGlobalSection
	GlobalSection(ProjectConfigurationPlatforms) = postSolution
		{7DB00305-F5ED-4545-9D83-542132C8177E}.Debug|Any CPU.ActiveCfg = Debug|Any CPU
		{7DB00305-F5ED-4545-9D83-542132C8177E}.Debug|Any CPU.Build.0 = Debug|Any CPU
		{7DB00305-F5ED-4545-9D83-542132C8177E}.Debug|ARM.ActiveCfg = Debug|Any CPU
		{7DB00305-F5ED-4545-9D83-542132C8177E}.Debug|x86.ActiveCfg = Debug|Any CPU
		{7DB00305-F5ED-4545-9D83-542132C8177E}.Documentation|Any CPU.ActiveCfg = Debug|Any CPU
		{7DB00305-F5ED-4545-9D83-542132C8177E}.Documentation|Any CPU.Build.0 = Debug|Any CPU
		{7DB00305-F5ED-4545-9D83-542132C8177E}.Documentation|ARM.ActiveCfg = Debug|Any CPU
		{7DB00305-F5ED-4545-9D83-542132C8177E}.Documentation|x86.ActiveCfg = Debug|Any CPU
		{7DB00305-F5ED-4545-9D83-542132C8177E}.Release|Any CPU.ActiveCfg = Release|Any CPU
		{7DB00305-F5ED-4545-9D83-542132C8177E}.Release|Any CPU.Build.0 = Release|Any CPU
		{7DB00305-F5ED-4545-9D83-542132C8177E}.Release|ARM.ActiveCfg = Release|Any CPU
		{7DB00305-F5ED-4545-9D83-542132C8177E}.Release|x86.ActiveCfg = Release|Any CPU
		{5CB68F8C-6002-45D2-9C5F-AE7CF455EB6E}.Debug|Any CPU.ActiveCfg = Debug|Any CPU
		{5CB68F8C-6002-45D2-9C5F-AE7CF455EB6E}.Debug|Any CPU.Build.0 = Debug|Any CPU
		{5CB68F8C-6002-45D2-9C5F-AE7CF455EB6E}.Debug|ARM.ActiveCfg = Debug|Any CPU
		{5CB68F8C-6002-45D2-9C5F-AE7CF455EB6E}.Debug|x86.ActiveCfg = Debug|Any CPU
		{5CB68F8C-6002-45D2-9C5F-AE7CF455EB6E}.Documentation|Any CPU.ActiveCfg = Debug|Any CPU
		{5CB68F8C-6002-45D2-9C5F-AE7CF455EB6E}.Documentation|Any CPU.Build.0 = Debug|Any CPU
		{5CB68F8C-6002-45D2-9C5F-AE7CF455EB6E}.Documentation|ARM.ActiveCfg = Debug|Any CPU
		{5CB68F8C-6002-45D2-9C5F-AE7CF455EB6E}.Documentation|x86.ActiveCfg = Debug|Any CPU
		{5CB68F8C-6002-45D2-9C5F-AE7CF455EB6E}.Release|Any CPU.ActiveCfg = Release|Any CPU
		{5CB68F8C-6002-45D2-9C5F-AE7CF455EB6E}.Release|Any CPU.Build.0 = Release|Any CPU
		{5CB68F8C-6002-45D2-9C5F-AE7CF455EB6E}.Release|ARM.ActiveCfg = Release|Any CPU
		{5CB68F8C-6002-45D2-9C5F-AE7CF455EB6E}.Release|x86.ActiveCfg = Release|Any CPU
		{B659339D-A958-4F33-96E6-3A0CCFCBC5C1}.Debug|Any CPU.ActiveCfg = Debug|Any CPU
		{B659339D-A958-4F33-96E6-3A0CCFCBC5C1}.Debug|Any CPU.Build.0 = Debug|Any CPU
		{B659339D-A958-4F33-96E6-3A0CCFCBC5C1}.Debug|ARM.ActiveCfg = Debug|Any CPU
		{B659339D-A958-4F33-96E6-3A0CCFCBC5C1}.Debug|x86.ActiveCfg = Debug|Any CPU
		{B659339D-A958-4F33-96E6-3A0CCFCBC5C1}.Documentation|Any CPU.ActiveCfg = Debug|Any CPU
		{B659339D-A958-4F33-96E6-3A0CCFCBC5C1}.Documentation|Any CPU.Build.0 = Debug|Any CPU
		{B659339D-A958-4F33-96E6-3A0CCFCBC5C1}.Documentation|ARM.ActiveCfg = Debug|Any CPU
		{B659339D-A958-4F33-96E6-3A0CCFCBC5C1}.Documentation|x86.ActiveCfg = Debug|Any CPU
		{B659339D-A958-4F33-96E6-3A0CCFCBC5C1}.Release|Any CPU.ActiveCfg = Release|Any CPU
		{B659339D-A958-4F33-96E6-3A0CCFCBC5C1}.Release|Any CPU.Build.0 = Release|Any CPU
		{B659339D-A958-4F33-96E6-3A0CCFCBC5C1}.Release|ARM.ActiveCfg = Release|Any CPU
		{B659339D-A958-4F33-96E6-3A0CCFCBC5C1}.Release|x86.ActiveCfg = Release|Any CPU
		{E10B41F4-696D-465C-963D-086488E2B6AA}.Debug|Any CPU.ActiveCfg = Debug|Any CPU
		{E10B41F4-696D-465C-963D-086488E2B6AA}.Debug|Any CPU.Build.0 = Debug|Any CPU
		{E10B41F4-696D-465C-963D-086488E2B6AA}.Debug|ARM.ActiveCfg = Debug|Any CPU
		{E10B41F4-696D-465C-963D-086488E2B6AA}.Debug|x86.ActiveCfg = Debug|Any CPU
		{E10B41F4-696D-465C-963D-086488E2B6AA}.Documentation|Any CPU.ActiveCfg = Debug|Any CPU
		{E10B41F4-696D-465C-963D-086488E2B6AA}.Documentation|Any CPU.Build.0 = Debug|Any CPU
		{E10B41F4-696D-465C-963D-086488E2B6AA}.Documentation|ARM.ActiveCfg = Debug|Any CPU
		{E10B41F4-696D-465C-963D-086488E2B6AA}.Documentation|x86.ActiveCfg = Debug|Any CPU
		{E10B41F4-696D-465C-963D-086488E2B6AA}.Release|Any CPU.ActiveCfg = Release|Any CPU
		{E10B41F4-696D-465C-963D-086488E2B6AA}.Release|Any CPU.Build.0 = Release|Any CPU
		{E10B41F4-696D-465C-963D-086488E2B6AA}.Release|ARM.ActiveCfg = Release|Any CPU
		{E10B41F4-696D-465C-963D-086488E2B6AA}.Release|x86.ActiveCfg = Release|Any CPU
		{7473F5FC-A9BE-454E-9BB4-2C8876304AB0}.Debug|Any CPU.ActiveCfg = Debug|Any CPU
		{7473F5FC-A9BE-454E-9BB4-2C8876304AB0}.Debug|Any CPU.Build.0 = Debug|Any CPU
		{7473F5FC-A9BE-454E-9BB4-2C8876304AB0}.Debug|ARM.ActiveCfg = Debug|Any CPU
		{7473F5FC-A9BE-454E-9BB4-2C8876304AB0}.Debug|x86.ActiveCfg = Debug|Any CPU
		{7473F5FC-A9BE-454E-9BB4-2C8876304AB0}.Documentation|Any CPU.ActiveCfg = Debug|Any CPU
		{7473F5FC-A9BE-454E-9BB4-2C8876304AB0}.Documentation|Any CPU.Build.0 = Debug|Any CPU
		{7473F5FC-A9BE-454E-9BB4-2C8876304AB0}.Documentation|ARM.ActiveCfg = Debug|Any CPU
		{7473F5FC-A9BE-454E-9BB4-2C8876304AB0}.Documentation|x86.ActiveCfg = Debug|Any CPU
		{7473F5FC-A9BE-454E-9BB4-2C8876304AB0}.Release|Any CPU.ActiveCfg = Release|Any CPU
		{7473F5FC-A9BE-454E-9BB4-2C8876304AB0}.Release|Any CPU.Build.0 = Release|Any CPU
		{7473F5FC-A9BE-454E-9BB4-2C8876304AB0}.Release|ARM.ActiveCfg = Release|Any CPU
		{7473F5FC-A9BE-454E-9BB4-2C8876304AB0}.Release|x86.ActiveCfg = Release|Any CPU
		{8EFAC467-5DE2-4AC8-B90F-45E215BD9C20}.Debug|Any CPU.ActiveCfg = Debug|Any CPU
		{8EFAC467-5DE2-4AC8-B90F-45E215BD9C20}.Debug|Any CPU.Build.0 = Debug|Any CPU
		{8EFAC467-5DE2-4AC8-B90F-45E215BD9C20}.Debug|ARM.ActiveCfg = Debug|Any CPU
		{8EFAC467-5DE2-4AC8-B90F-45E215BD9C20}.Debug|x86.ActiveCfg = Debug|Any CPU
		{8EFAC467-5DE2-4AC8-B90F-45E215BD9C20}.Documentation|Any CPU.ActiveCfg = Debug|Any CPU
		{8EFAC467-5DE2-4AC8-B90F-45E215BD9C20}.Documentation|Any CPU.Build.0 = Debug|Any CPU
		{8EFAC467-5DE2-4AC8-B90F-45E215BD9C20}.Documentation|ARM.ActiveCfg = Debug|Any CPU
		{8EFAC467-5DE2-4AC8-B90F-45E215BD9C20}.Documentation|x86.ActiveCfg = Debug|Any CPU
		{8EFAC467-5DE2-4AC8-B90F-45E215BD9C20}.Release|Any CPU.ActiveCfg = Release|Any CPU
		{8EFAC467-5DE2-4AC8-B90F-45E215BD9C20}.Release|Any CPU.Build.0 = Release|Any CPU
		{8EFAC467-5DE2-4AC8-B90F-45E215BD9C20}.Release|ARM.ActiveCfg = Release|Any CPU
		{8EFAC467-5DE2-4AC8-B90F-45E215BD9C20}.Release|x86.ActiveCfg = Release|Any CPU
		{A33EA8B0-EB46-493B-BE84-2CC325E66137}.Debug|Any CPU.ActiveCfg = Debug|Any CPU
		{A33EA8B0-EB46-493B-BE84-2CC325E66137}.Debug|Any CPU.Build.0 = Debug|Any CPU
		{A33EA8B0-EB46-493B-BE84-2CC325E66137}.Debug|ARM.ActiveCfg = Debug|Any CPU
		{A33EA8B0-EB46-493B-BE84-2CC325E66137}.Debug|x86.ActiveCfg = Debug|Any CPU
		{A33EA8B0-EB46-493B-BE84-2CC325E66137}.Documentation|Any CPU.ActiveCfg = Debug|Any CPU
		{A33EA8B0-EB46-493B-BE84-2CC325E66137}.Documentation|ARM.ActiveCfg = Debug|Any CPU
		{A33EA8B0-EB46-493B-BE84-2CC325E66137}.Documentation|x86.ActiveCfg = Debug|Any CPU
		{A33EA8B0-EB46-493B-BE84-2CC325E66137}.Release|Any CPU.ActiveCfg = Release|Any CPU
		{A33EA8B0-EB46-493B-BE84-2CC325E66137}.Release|Any CPU.Build.0 = Release|Any CPU
		{A33EA8B0-EB46-493B-BE84-2CC325E66137}.Release|ARM.ActiveCfg = Release|Any CPU
		{A33EA8B0-EB46-493B-BE84-2CC325E66137}.Release|x86.ActiveCfg = Release|Any CPU
		{B97A1312-9935-4AAE-A152-6246A5626245}.Debug|Any CPU.ActiveCfg = Debug|Win32
		{B97A1312-9935-4AAE-A152-6246A5626245}.Debug|Any CPU.Build.0 = Debug|Win32
		{B97A1312-9935-4AAE-A152-6246A5626245}.Debug|ARM.ActiveCfg = Debug|Win32
		{B97A1312-9935-4AAE-A152-6246A5626245}.Debug|x86.ActiveCfg = Debug|Win32
		{B97A1312-9935-4AAE-A152-6246A5626245}.Documentation|Any CPU.ActiveCfg = Debug|Win32
		{B97A1312-9935-4AAE-A152-6246A5626245}.Documentation|ARM.ActiveCfg = Debug|Win32
		{B97A1312-9935-4AAE-A152-6246A5626245}.Documentation|x86.ActiveCfg = Debug|Win32
		{B97A1312-9935-4AAE-A152-6246A5626245}.Documentation|x86.Build.0 = Debug|Win32
		{B97A1312-9935-4AAE-A152-6246A5626245}.Release|Any CPU.ActiveCfg = Release|Win32
		{B97A1312-9935-4AAE-A152-6246A5626245}.Release|Any CPU.Build.0 = Release|Win32
		{B97A1312-9935-4AAE-A152-6246A5626245}.Release|ARM.ActiveCfg = Release|Win32
		{B97A1312-9935-4AAE-A152-6246A5626245}.Release|x86.ActiveCfg = Release|Win32
		{B97A1312-9935-4AAE-A152-6246A5626245}.Release|x86.Build.0 = Release|Win32
		{A38225E2-BEF8-4EA4-8AC9-4A5B4F5EA85D}.Debug|Any CPU.ActiveCfg = Debug|Any CPU
		{A38225E2-BEF8-4EA4-8AC9-4A5B4F5EA85D}.Debug|Any CPU.Build.0 = Debug|Any CPU
		{A38225E2-BEF8-4EA4-8AC9-4A5B4F5EA85D}.Debug|ARM.ActiveCfg = Debug|Any CPU
		{A38225E2-BEF8-4EA4-8AC9-4A5B4F5EA85D}.Debug|x86.ActiveCfg = Debug|Any CPU
		{A38225E2-BEF8-4EA4-8AC9-4A5B4F5EA85D}.Documentation|Any CPU.ActiveCfg = Debug|Any CPU
		{A38225E2-BEF8-4EA4-8AC9-4A5B4F5EA85D}.Documentation|Any CPU.Build.0 = Debug|Any CPU
		{A38225E2-BEF8-4EA4-8AC9-4A5B4F5EA85D}.Documentation|ARM.ActiveCfg = Debug|Any CPU
		{A38225E2-BEF8-4EA4-8AC9-4A5B4F5EA85D}.Documentation|x86.ActiveCfg = Debug|Any CPU
		{A38225E2-BEF8-4EA4-8AC9-4A5B4F5EA85D}.Release|Any CPU.ActiveCfg = Release|Any CPU
		{A38225E2-BEF8-4EA4-8AC9-4A5B4F5EA85D}.Release|Any CPU.Build.0 = Release|Any CPU
		{A38225E2-BEF8-4EA4-8AC9-4A5B4F5EA85D}.Release|ARM.ActiveCfg = Release|Any CPU
		{A38225E2-BEF8-4EA4-8AC9-4A5B4F5EA85D}.Release|x86.ActiveCfg = Release|Any CPU
		{DFB5C120-3B1F-4466-9961-31206204C119}.Debug|Any CPU.ActiveCfg = Debug|Any CPU
		{DFB5C120-3B1F-4466-9961-31206204C119}.Debug|ARM.ActiveCfg = Debug|Any CPU
		{DFB5C120-3B1F-4466-9961-31206204C119}.Debug|x86.ActiveCfg = Debug|Any CPU
		{DFB5C120-3B1F-4466-9961-31206204C119}.Documentation|Any CPU.ActiveCfg = Debug|Any CPU
		{DFB5C120-3B1F-4466-9961-31206204C119}.Documentation|Any CPU.Build.0 = Debug|Any CPU
		{DFB5C120-3B1F-4466-9961-31206204C119}.Documentation|ARM.ActiveCfg = Debug|Any CPU
		{DFB5C120-3B1F-4466-9961-31206204C119}.Documentation|x86.ActiveCfg = Debug|Any CPU
		{DFB5C120-3B1F-4466-9961-31206204C119}.Release|Any CPU.ActiveCfg = Release|Any CPU
		{DFB5C120-3B1F-4466-9961-31206204C119}.Release|ARM.ActiveCfg = Release|Any CPU
		{DFB5C120-3B1F-4466-9961-31206204C119}.Release|x86.ActiveCfg = Release|Any CPU
		{BFB67E36-9DF1-473D-B5DC-D94C5199C624}.Debug|Any CPU.ActiveCfg = Debug|Any CPU
		{BFB67E36-9DF1-473D-B5DC-D94C5199C624}.Debug|Any CPU.Build.0 = Debug|Any CPU
		{BFB67E36-9DF1-473D-B5DC-D94C5199C624}.Debug|ARM.ActiveCfg = Debug|Any CPU
		{BFB67E36-9DF1-473D-B5DC-D94C5199C624}.Debug|x86.ActiveCfg = Debug|Any CPU
		{BFB67E36-9DF1-473D-B5DC-D94C5199C624}.Documentation|Any CPU.ActiveCfg = Debug|Any CPU
		{BFB67E36-9DF1-473D-B5DC-D94C5199C624}.Documentation|Any CPU.Build.0 = Debug|Any CPU
		{BFB67E36-9DF1-473D-B5DC-D94C5199C624}.Documentation|ARM.ActiveCfg = Debug|Any CPU
		{BFB67E36-9DF1-473D-B5DC-D94C5199C624}.Documentation|x86.ActiveCfg = Debug|Any CPU
		{BFB67E36-9DF1-473D-B5DC-D94C5199C624}.Release|Any CPU.ActiveCfg = Release|Any CPU
		{BFB67E36-9DF1-473D-B5DC-D94C5199C624}.Release|Any CPU.Build.0 = Release|Any CPU
		{BFB67E36-9DF1-473D-B5DC-D94C5199C624}.Release|ARM.ActiveCfg = Release|Any CPU
		{BFB67E36-9DF1-473D-B5DC-D94C5199C624}.Release|x86.ActiveCfg = Release|Any CPU
		{1041C66C-6920-4D19-A922-C58783587F2F}.Debug|Any CPU.ActiveCfg = Debug|Any CPU
		{1041C66C-6920-4D19-A922-C58783587F2F}.Debug|Any CPU.Build.0 = Debug|Any CPU
		{1041C66C-6920-4D19-A922-C58783587F2F}.Debug|ARM.ActiveCfg = Debug|Any CPU
		{1041C66C-6920-4D19-A922-C58783587F2F}.Debug|x86.ActiveCfg = Debug|Any CPU
		{1041C66C-6920-4D19-A922-C58783587F2F}.Documentation|Any CPU.ActiveCfg = Debug|Any CPU
		{1041C66C-6920-4D19-A922-C58783587F2F}.Documentation|Any CPU.Build.0 = Debug|Any CPU
		{1041C66C-6920-4D19-A922-C58783587F2F}.Documentation|ARM.ActiveCfg = Debug|Any CPU
		{1041C66C-6920-4D19-A922-C58783587F2F}.Documentation|x86.ActiveCfg = Debug|Any CPU
		{1041C66C-6920-4D19-A922-C58783587F2F}.Release|Any CPU.ActiveCfg = Release|Any CPU
		{1041C66C-6920-4D19-A922-C58783587F2F}.Release|Any CPU.Build.0 = Release|Any CPU
		{1041C66C-6920-4D19-A922-C58783587F2F}.Release|ARM.ActiveCfg = Release|Any CPU
		{1041C66C-6920-4D19-A922-C58783587F2F}.Release|x86.ActiveCfg = Release|Any CPU
		{9A8E342F-2EB6-44ED-A305-A6E0074540C0}.Debug|Any CPU.ActiveCfg = Debug|Any CPU
		{9A8E342F-2EB6-44ED-A305-A6E0074540C0}.Debug|Any CPU.Build.0 = Debug|Any CPU
		{9A8E342F-2EB6-44ED-A305-A6E0074540C0}.Debug|ARM.ActiveCfg = Debug|Any CPU
		{9A8E342F-2EB6-44ED-A305-A6E0074540C0}.Debug|x86.ActiveCfg = Debug|Any CPU
		{9A8E342F-2EB6-44ED-A305-A6E0074540C0}.Documentation|Any CPU.ActiveCfg = Debug|Any CPU
		{9A8E342F-2EB6-44ED-A305-A6E0074540C0}.Documentation|Any CPU.Build.0 = Debug|Any CPU
		{9A8E342F-2EB6-44ED-A305-A6E0074540C0}.Documentation|ARM.ActiveCfg = Debug|Any CPU
		{9A8E342F-2EB6-44ED-A305-A6E0074540C0}.Documentation|x86.ActiveCfg = Debug|Any CPU
		{9A8E342F-2EB6-44ED-A305-A6E0074540C0}.Release|Any CPU.ActiveCfg = Release|Any CPU
		{9A8E342F-2EB6-44ED-A305-A6E0074540C0}.Release|Any CPU.Build.0 = Release|Any CPU
		{9A8E342F-2EB6-44ED-A305-A6E0074540C0}.Release|ARM.ActiveCfg = Release|Any CPU
		{9A8E342F-2EB6-44ED-A305-A6E0074540C0}.Release|x86.ActiveCfg = Release|Any CPU
		{A95D9802-2E43-41C4-AA68-C78AAAFECE10}.Debug|Any CPU.ActiveCfg = Debug|Any CPU
		{A95D9802-2E43-41C4-AA68-C78AAAFECE10}.Debug|Any CPU.Build.0 = Debug|Any CPU
		{A95D9802-2E43-41C4-AA68-C78AAAFECE10}.Debug|ARM.ActiveCfg = Debug|Any CPU
		{A95D9802-2E43-41C4-AA68-C78AAAFECE10}.Debug|x86.ActiveCfg = Debug|Any CPU
		{A95D9802-2E43-41C4-AA68-C78AAAFECE10}.Documentation|Any CPU.ActiveCfg = Debug|Any CPU
		{A95D9802-2E43-41C4-AA68-C78AAAFECE10}.Documentation|Any CPU.Build.0 = Debug|Any CPU
		{A95D9802-2E43-41C4-AA68-C78AAAFECE10}.Documentation|ARM.ActiveCfg = Debug|Any CPU
		{A95D9802-2E43-41C4-AA68-C78AAAFECE10}.Documentation|x86.ActiveCfg = Debug|Any CPU
		{A95D9802-2E43-41C4-AA68-C78AAAFECE10}.Release|Any CPU.ActiveCfg = Release|Any CPU
		{A95D9802-2E43-41C4-AA68-C78AAAFECE10}.Release|Any CPU.Build.0 = Release|Any CPU
		{A95D9802-2E43-41C4-AA68-C78AAAFECE10}.Release|ARM.ActiveCfg = Release|Any CPU
		{A95D9802-2E43-41C4-AA68-C78AAAFECE10}.Release|x86.ActiveCfg = Release|Any CPU
		{B0FD9F50-A375-44DD-AAAE-CCC2F94A99D1}.Debug|Any CPU.ActiveCfg = Debug|Any CPU
		{B0FD9F50-A375-44DD-AAAE-CCC2F94A99D1}.Debug|Any CPU.Build.0 = Debug|Any CPU
		{B0FD9F50-A375-44DD-AAAE-CCC2F94A99D1}.Debug|ARM.ActiveCfg = Debug|Any CPU
		{B0FD9F50-A375-44DD-AAAE-CCC2F94A99D1}.Debug|x86.ActiveCfg = Debug|Any CPU
		{B0FD9F50-A375-44DD-AAAE-CCC2F94A99D1}.Documentation|Any CPU.ActiveCfg = Debug|Any CPU
		{B0FD9F50-A375-44DD-AAAE-CCC2F94A99D1}.Documentation|Any CPU.Build.0 = Debug|Any CPU
		{B0FD9F50-A375-44DD-AAAE-CCC2F94A99D1}.Documentation|ARM.ActiveCfg = Debug|Any CPU
		{B0FD9F50-A375-44DD-AAAE-CCC2F94A99D1}.Documentation|x86.ActiveCfg = Debug|Any CPU
		{B0FD9F50-A375-44DD-AAAE-CCC2F94A99D1}.Release|Any CPU.ActiveCfg = Release|Any CPU
		{B0FD9F50-A375-44DD-AAAE-CCC2F94A99D1}.Release|Any CPU.Build.0 = Release|Any CPU
		{B0FD9F50-A375-44DD-AAAE-CCC2F94A99D1}.Release|ARM.ActiveCfg = Release|Any CPU
		{B0FD9F50-A375-44DD-AAAE-CCC2F94A99D1}.Release|x86.ActiveCfg = Release|Any CPU
		{847B756A-5952-4E07-9CA9-33EDA38F6020}.Debug|Any CPU.ActiveCfg = Debug|Any CPU
		{847B756A-5952-4E07-9CA9-33EDA38F6020}.Debug|Any CPU.Build.0 = Debug|Any CPU
		{847B756A-5952-4E07-9CA9-33EDA38F6020}.Debug|ARM.ActiveCfg = Debug|Any CPU
		{847B756A-5952-4E07-9CA9-33EDA38F6020}.Debug|x86.ActiveCfg = Debug|Any CPU
		{847B756A-5952-4E07-9CA9-33EDA38F6020}.Documentation|Any CPU.ActiveCfg = Debug|Any CPU
		{847B756A-5952-4E07-9CA9-33EDA38F6020}.Documentation|Any CPU.Build.0 = Debug|Any CPU
		{847B756A-5952-4E07-9CA9-33EDA38F6020}.Documentation|ARM.ActiveCfg = Debug|Any CPU
		{847B756A-5952-4E07-9CA9-33EDA38F6020}.Documentation|x86.ActiveCfg = Debug|Any CPU
		{847B756A-5952-4E07-9CA9-33EDA38F6020}.Release|Any CPU.ActiveCfg = Release|Any CPU
		{847B756A-5952-4E07-9CA9-33EDA38F6020}.Release|Any CPU.Build.0 = Release|Any CPU
		{847B756A-5952-4E07-9CA9-33EDA38F6020}.Release|ARM.ActiveCfg = Release|Any CPU
		{847B756A-5952-4E07-9CA9-33EDA38F6020}.Release|x86.ActiveCfg = Release|Any CPU
		{F27F6581-D3FF-4EF1-8DC6-8DF8E53E4132}.Debug|Any CPU.ActiveCfg = Debug|Any CPU
		{F27F6581-D3FF-4EF1-8DC6-8DF8E53E4132}.Debug|Any CPU.Build.0 = Debug|Any CPU
		{F27F6581-D3FF-4EF1-8DC6-8DF8E53E4132}.Debug|ARM.ActiveCfg = Debug|Any CPU
		{F27F6581-D3FF-4EF1-8DC6-8DF8E53E4132}.Debug|x86.ActiveCfg = Debug|Any CPU
		{F27F6581-D3FF-4EF1-8DC6-8DF8E53E4132}.Documentation|Any CPU.ActiveCfg = Debug|Any CPU
		{F27F6581-D3FF-4EF1-8DC6-8DF8E53E4132}.Documentation|Any CPU.Build.0 = Debug|Any CPU
		{F27F6581-D3FF-4EF1-8DC6-8DF8E53E4132}.Documentation|ARM.ActiveCfg = Debug|Any CPU
		{F27F6581-D3FF-4EF1-8DC6-8DF8E53E4132}.Documentation|x86.ActiveCfg = Debug|Any CPU
		{F27F6581-D3FF-4EF1-8DC6-8DF8E53E4132}.Release|Any CPU.ActiveCfg = Release|Any CPU
		{F27F6581-D3FF-4EF1-8DC6-8DF8E53E4132}.Release|Any CPU.Build.0 = Release|Any CPU
		{F27F6581-D3FF-4EF1-8DC6-8DF8E53E4132}.Release|ARM.ActiveCfg = Release|Any CPU
		{F27F6581-D3FF-4EF1-8DC6-8DF8E53E4132}.Release|x86.ActiveCfg = Release|Any CPU
		{B0732168-5A31-45CB-BD21-F40824E21B7D}.Debug|Any CPU.ActiveCfg = Debug|Any CPU
		{B0732168-5A31-45CB-BD21-F40824E21B7D}.Debug|Any CPU.Build.0 = Debug|Any CPU
		{B0732168-5A31-45CB-BD21-F40824E21B7D}.Debug|ARM.ActiveCfg = Debug|Any CPU
		{B0732168-5A31-45CB-BD21-F40824E21B7D}.Debug|x86.ActiveCfg = Debug|Any CPU
		{B0732168-5A31-45CB-BD21-F40824E21B7D}.Documentation|Any CPU.ActiveCfg = Debug|Any CPU
		{B0732168-5A31-45CB-BD21-F40824E21B7D}.Documentation|Any CPU.Build.0 = Debug|Any CPU
		{B0732168-5A31-45CB-BD21-F40824E21B7D}.Documentation|ARM.ActiveCfg = Debug|Any CPU
		{B0732168-5A31-45CB-BD21-F40824E21B7D}.Documentation|x86.ActiveCfg = Debug|Any CPU
		{B0732168-5A31-45CB-BD21-F40824E21B7D}.Release|Any CPU.ActiveCfg = Release|Any CPU
		{B0732168-5A31-45CB-BD21-F40824E21B7D}.Release|Any CPU.Build.0 = Release|Any CPU
		{B0732168-5A31-45CB-BD21-F40824E21B7D}.Release|ARM.ActiveCfg = Release|Any CPU
		{B0732168-5A31-45CB-BD21-F40824E21B7D}.Release|x86.ActiveCfg = Release|Any CPU
		{E6C67475-9EE3-475E-BAB7-4AB54A0A4D7D}.Debug|Any CPU.ActiveCfg = Debug|Any CPU
		{E6C67475-9EE3-475E-BAB7-4AB54A0A4D7D}.Debug|Any CPU.Build.0 = Debug|Any CPU
		{E6C67475-9EE3-475E-BAB7-4AB54A0A4D7D}.Debug|ARM.ActiveCfg = Debug|Any CPU
		{E6C67475-9EE3-475E-BAB7-4AB54A0A4D7D}.Debug|x86.ActiveCfg = Debug|Any CPU
		{E6C67475-9EE3-475E-BAB7-4AB54A0A4D7D}.Documentation|Any CPU.ActiveCfg = Debug|Any CPU
		{E6C67475-9EE3-475E-BAB7-4AB54A0A4D7D}.Documentation|Any CPU.Build.0 = Debug|Any CPU
		{E6C67475-9EE3-475E-BAB7-4AB54A0A4D7D}.Documentation|ARM.ActiveCfg = Debug|Any CPU
		{E6C67475-9EE3-475E-BAB7-4AB54A0A4D7D}.Documentation|x86.ActiveCfg = Debug|Any CPU
		{E6C67475-9EE3-475E-BAB7-4AB54A0A4D7D}.Release|Any CPU.ActiveCfg = Release|Any CPU
		{E6C67475-9EE3-475E-BAB7-4AB54A0A4D7D}.Release|Any CPU.Build.0 = Release|Any CPU
		{E6C67475-9EE3-475E-BAB7-4AB54A0A4D7D}.Release|ARM.ActiveCfg = Release|Any CPU
		{E6C67475-9EE3-475E-BAB7-4AB54A0A4D7D}.Release|x86.ActiveCfg = Release|Any CPU
		{220024A8-7ABF-42A6-A476-0684C1E65110}.Debug|Any CPU.ActiveCfg = Debug|Any CPU
		{220024A8-7ABF-42A6-A476-0684C1E65110}.Debug|Any CPU.Build.0 = Debug|Any CPU
		{220024A8-7ABF-42A6-A476-0684C1E65110}.Debug|ARM.ActiveCfg = Debug|Any CPU
		{220024A8-7ABF-42A6-A476-0684C1E65110}.Debug|x86.ActiveCfg = Debug|Any CPU
		{220024A8-7ABF-42A6-A476-0684C1E65110}.Documentation|Any CPU.ActiveCfg = Debug|Any CPU
		{220024A8-7ABF-42A6-A476-0684C1E65110}.Documentation|Any CPU.Build.0 = Debug|Any CPU
		{220024A8-7ABF-42A6-A476-0684C1E65110}.Documentation|ARM.ActiveCfg = Debug|Any CPU
		{220024A8-7ABF-42A6-A476-0684C1E65110}.Documentation|x86.ActiveCfg = Debug|Any CPU
		{220024A8-7ABF-42A6-A476-0684C1E65110}.Release|Any CPU.ActiveCfg = Release|Any CPU
		{220024A8-7ABF-42A6-A476-0684C1E65110}.Release|Any CPU.Build.0 = Release|Any CPU
		{220024A8-7ABF-42A6-A476-0684C1E65110}.Release|ARM.ActiveCfg = Release|Any CPU
		{220024A8-7ABF-42A6-A476-0684C1E65110}.Release|x86.ActiveCfg = Release|Any CPU
		{D61EA64F-C690-4F1C-A39F-CADB5F469715}.Debug|Any CPU.ActiveCfg = Debug|Any CPU
		{D61EA64F-C690-4F1C-A39F-CADB5F469715}.Debug|Any CPU.Build.0 = Debug|Any CPU
		{D61EA64F-C690-4F1C-A39F-CADB5F469715}.Debug|ARM.ActiveCfg = Debug|Any CPU
		{D61EA64F-C690-4F1C-A39F-CADB5F469715}.Debug|x86.ActiveCfg = Debug|Any CPU
		{D61EA64F-C690-4F1C-A39F-CADB5F469715}.Documentation|Any CPU.ActiveCfg = Debug|Any CPU
		{D61EA64F-C690-4F1C-A39F-CADB5F469715}.Documentation|Any CPU.Build.0 = Debug|Any CPU
		{D61EA64F-C690-4F1C-A39F-CADB5F469715}.Documentation|ARM.ActiveCfg = Debug|Any CPU
		{D61EA64F-C690-4F1C-A39F-CADB5F469715}.Documentation|x86.ActiveCfg = Debug|Any CPU
		{D61EA64F-C690-4F1C-A39F-CADB5F469715}.Release|Any CPU.ActiveCfg = Release|Any CPU
		{D61EA64F-C690-4F1C-A39F-CADB5F469715}.Release|Any CPU.Build.0 = Release|Any CPU
		{D61EA64F-C690-4F1C-A39F-CADB5F469715}.Release|ARM.ActiveCfg = Release|Any CPU
		{D61EA64F-C690-4F1C-A39F-CADB5F469715}.Release|x86.ActiveCfg = Release|Any CPU
		{775281EB-1028-4CB7-B2F0-A013CE6FA1ED}.Debug|Any CPU.ActiveCfg = Debug|Any CPU
		{775281EB-1028-4CB7-B2F0-A013CE6FA1ED}.Debug|Any CPU.Build.0 = Debug|Any CPU
		{775281EB-1028-4CB7-B2F0-A013CE6FA1ED}.Debug|ARM.ActiveCfg = Debug|Any CPU
		{775281EB-1028-4CB7-B2F0-A013CE6FA1ED}.Debug|x86.ActiveCfg = Debug|Any CPU
		{775281EB-1028-4CB7-B2F0-A013CE6FA1ED}.Documentation|Any CPU.ActiveCfg = Debug|Any CPU
		{775281EB-1028-4CB7-B2F0-A013CE6FA1ED}.Documentation|Any CPU.Build.0 = Debug|Any CPU
		{775281EB-1028-4CB7-B2F0-A013CE6FA1ED}.Documentation|ARM.ActiveCfg = Debug|Any CPU
		{775281EB-1028-4CB7-B2F0-A013CE6FA1ED}.Documentation|x86.ActiveCfg = Debug|Any CPU
		{775281EB-1028-4CB7-B2F0-A013CE6FA1ED}.Release|Any CPU.ActiveCfg = Release|Any CPU
		{775281EB-1028-4CB7-B2F0-A013CE6FA1ED}.Release|Any CPU.Build.0 = Release|Any CPU
		{775281EB-1028-4CB7-B2F0-A013CE6FA1ED}.Release|ARM.ActiveCfg = Release|Any CPU
		{775281EB-1028-4CB7-B2F0-A013CE6FA1ED}.Release|x86.ActiveCfg = Release|Any CPU
		{E00BA640-8886-4FEE-8484-19CE7FB3D9BF}.Debug|Any CPU.ActiveCfg = Debug|Any CPU
		{E00BA640-8886-4FEE-8484-19CE7FB3D9BF}.Debug|Any CPU.Build.0 = Debug|Any CPU
		{E00BA640-8886-4FEE-8484-19CE7FB3D9BF}.Debug|ARM.ActiveCfg = Debug|ARM
		{E00BA640-8886-4FEE-8484-19CE7FB3D9BF}.Debug|ARM.Build.0 = Debug|ARM
		{E00BA640-8886-4FEE-8484-19CE7FB3D9BF}.Debug|x86.ActiveCfg = Debug|x86
		{E00BA640-8886-4FEE-8484-19CE7FB3D9BF}.Debug|x86.Build.0 = Debug|x86
		{E00BA640-8886-4FEE-8484-19CE7FB3D9BF}.Documentation|Any CPU.ActiveCfg = Debug|Any CPU
		{E00BA640-8886-4FEE-8484-19CE7FB3D9BF}.Documentation|Any CPU.Build.0 = Debug|Any CPU
		{E00BA640-8886-4FEE-8484-19CE7FB3D9BF}.Documentation|ARM.ActiveCfg = Debug|ARM
		{E00BA640-8886-4FEE-8484-19CE7FB3D9BF}.Documentation|ARM.Build.0 = Debug|ARM
		{E00BA640-8886-4FEE-8484-19CE7FB3D9BF}.Documentation|x86.ActiveCfg = Debug|x86
		{E00BA640-8886-4FEE-8484-19CE7FB3D9BF}.Documentation|x86.Build.0 = Debug|x86
		{E00BA640-8886-4FEE-8484-19CE7FB3D9BF}.Release|Any CPU.ActiveCfg = Release|Any CPU
		{E00BA640-8886-4FEE-8484-19CE7FB3D9BF}.Release|Any CPU.Build.0 = Release|Any CPU
		{E00BA640-8886-4FEE-8484-19CE7FB3D9BF}.Release|ARM.ActiveCfg = Release|ARM
		{E00BA640-8886-4FEE-8484-19CE7FB3D9BF}.Release|ARM.Build.0 = Release|ARM
		{E00BA640-8886-4FEE-8484-19CE7FB3D9BF}.Release|x86.ActiveCfg = Release|x86
		{E00BA640-8886-4FEE-8484-19CE7FB3D9BF}.Release|x86.Build.0 = Release|x86
		{708DD7F1-2492-4193-B6D2-0ECC32DFFD41}.Debug|Any CPU.ActiveCfg = Debug|Any CPU
		{708DD7F1-2492-4193-B6D2-0ECC32DFFD41}.Debug|Any CPU.Build.0 = Debug|Any CPU
		{708DD7F1-2492-4193-B6D2-0ECC32DFFD41}.Debug|ARM.ActiveCfg = Debug|ARM
		{708DD7F1-2492-4193-B6D2-0ECC32DFFD41}.Debug|ARM.Build.0 = Debug|ARM
		{708DD7F1-2492-4193-B6D2-0ECC32DFFD41}.Debug|ARM.Deploy.0 = Debug|ARM
		{708DD7F1-2492-4193-B6D2-0ECC32DFFD41}.Debug|x86.ActiveCfg = Debug|x86
		{708DD7F1-2492-4193-B6D2-0ECC32DFFD41}.Debug|x86.Build.0 = Debug|x86
		{708DD7F1-2492-4193-B6D2-0ECC32DFFD41}.Debug|x86.Deploy.0 = Debug|x86
		{708DD7F1-2492-4193-B6D2-0ECC32DFFD41}.Documentation|Any CPU.ActiveCfg = Debug|Any CPU
		{708DD7F1-2492-4193-B6D2-0ECC32DFFD41}.Documentation|Any CPU.Build.0 = Debug|Any CPU
		{708DD7F1-2492-4193-B6D2-0ECC32DFFD41}.Documentation|Any CPU.Deploy.0 = Debug|Any CPU
		{708DD7F1-2492-4193-B6D2-0ECC32DFFD41}.Documentation|ARM.ActiveCfg = Debug|ARM
		{708DD7F1-2492-4193-B6D2-0ECC32DFFD41}.Documentation|ARM.Build.0 = Debug|ARM
		{708DD7F1-2492-4193-B6D2-0ECC32DFFD41}.Documentation|ARM.Deploy.0 = Debug|ARM
		{708DD7F1-2492-4193-B6D2-0ECC32DFFD41}.Documentation|x86.ActiveCfg = Debug|x86
		{708DD7F1-2492-4193-B6D2-0ECC32DFFD41}.Documentation|x86.Build.0 = Debug|x86
		{708DD7F1-2492-4193-B6D2-0ECC32DFFD41}.Documentation|x86.Deploy.0 = Debug|x86
		{708DD7F1-2492-4193-B6D2-0ECC32DFFD41}.Release|Any CPU.ActiveCfg = Release|Any CPU
		{708DD7F1-2492-4193-B6D2-0ECC32DFFD41}.Release|Any CPU.Build.0 = Release|Any CPU
		{708DD7F1-2492-4193-B6D2-0ECC32DFFD41}.Release|ARM.ActiveCfg = Release|ARM
		{708DD7F1-2492-4193-B6D2-0ECC32DFFD41}.Release|ARM.Build.0 = Release|ARM
		{708DD7F1-2492-4193-B6D2-0ECC32DFFD41}.Release|ARM.Deploy.0 = Release|ARM
		{708DD7F1-2492-4193-B6D2-0ECC32DFFD41}.Release|x86.ActiveCfg = Release|x86
		{708DD7F1-2492-4193-B6D2-0ECC32DFFD41}.Release|x86.Build.0 = Release|x86
		{708DD7F1-2492-4193-B6D2-0ECC32DFFD41}.Release|x86.Deploy.0 = Release|x86
		{69544DA2-22F5-417B-80E4-0FFB3851662C}.Debug|Any CPU.ActiveCfg = Debug|Any CPU
		{69544DA2-22F5-417B-80E4-0FFB3851662C}.Debug|Any CPU.Build.0 = Debug|Any CPU
		{69544DA2-22F5-417B-80E4-0FFB3851662C}.Debug|ARM.ActiveCfg = Debug|ARM
		{69544DA2-22F5-417B-80E4-0FFB3851662C}.Debug|ARM.Build.0 = Debug|ARM
		{69544DA2-22F5-417B-80E4-0FFB3851662C}.Debug|x86.ActiveCfg = Debug|x86
		{69544DA2-22F5-417B-80E4-0FFB3851662C}.Debug|x86.Build.0 = Debug|x86
		{69544DA2-22F5-417B-80E4-0FFB3851662C}.Documentation|Any CPU.ActiveCfg = Debug|Any CPU
		{69544DA2-22F5-417B-80E4-0FFB3851662C}.Documentation|Any CPU.Build.0 = Debug|Any CPU
		{69544DA2-22F5-417B-80E4-0FFB3851662C}.Documentation|ARM.ActiveCfg = Debug|ARM
		{69544DA2-22F5-417B-80E4-0FFB3851662C}.Documentation|ARM.Build.0 = Debug|ARM
		{69544DA2-22F5-417B-80E4-0FFB3851662C}.Documentation|x86.ActiveCfg = Debug|x86
		{69544DA2-22F5-417B-80E4-0FFB3851662C}.Documentation|x86.Build.0 = Debug|x86
		{69544DA2-22F5-417B-80E4-0FFB3851662C}.Release|Any CPU.ActiveCfg = Release|Any CPU
		{69544DA2-22F5-417B-80E4-0FFB3851662C}.Release|Any CPU.Build.0 = Release|Any CPU
		{69544DA2-22F5-417B-80E4-0FFB3851662C}.Release|ARM.ActiveCfg = Release|ARM
		{69544DA2-22F5-417B-80E4-0FFB3851662C}.Release|ARM.Build.0 = Release|ARM
		{69544DA2-22F5-417B-80E4-0FFB3851662C}.Release|x86.ActiveCfg = Release|x86
		{69544DA2-22F5-417B-80E4-0FFB3851662C}.Release|x86.Build.0 = Release|x86
		{C9872F18-12FB-4933-B2AF-F86710D4E1D8}.Debug|Any CPU.ActiveCfg = Debug|Any CPU
		{C9872F18-12FB-4933-B2AF-F86710D4E1D8}.Debug|Any CPU.Build.0 = Debug|Any CPU
		{C9872F18-12FB-4933-B2AF-F86710D4E1D8}.Debug|ARM.ActiveCfg = Debug|ARM
		{C9872F18-12FB-4933-B2AF-F86710D4E1D8}.Debug|ARM.Build.0 = Debug|ARM
		{C9872F18-12FB-4933-B2AF-F86710D4E1D8}.Debug|x86.ActiveCfg = Debug|x86
		{C9872F18-12FB-4933-B2AF-F86710D4E1D8}.Debug|x86.Build.0 = Debug|x86
		{C9872F18-12FB-4933-B2AF-F86710D4E1D8}.Documentation|Any CPU.ActiveCfg = Debug|Any CPU
		{C9872F18-12FB-4933-B2AF-F86710D4E1D8}.Documentation|Any CPU.Build.0 = Debug|Any CPU
		{C9872F18-12FB-4933-B2AF-F86710D4E1D8}.Documentation|ARM.ActiveCfg = Debug|ARM
		{C9872F18-12FB-4933-B2AF-F86710D4E1D8}.Documentation|ARM.Build.0 = Debug|ARM
		{C9872F18-12FB-4933-B2AF-F86710D4E1D8}.Documentation|x86.ActiveCfg = Debug|x86
		{C9872F18-12FB-4933-B2AF-F86710D4E1D8}.Documentation|x86.Build.0 = Debug|x86
		{C9872F18-12FB-4933-B2AF-F86710D4E1D8}.Release|Any CPU.ActiveCfg = Release|Any CPU
		{C9872F18-12FB-4933-B2AF-F86710D4E1D8}.Release|Any CPU.Build.0 = Release|Any CPU
		{C9872F18-12FB-4933-B2AF-F86710D4E1D8}.Release|ARM.ActiveCfg = Release|ARM
		{C9872F18-12FB-4933-B2AF-F86710D4E1D8}.Release|ARM.Build.0 = Release|ARM
		{C9872F18-12FB-4933-B2AF-F86710D4E1D8}.Release|x86.ActiveCfg = Release|x86
		{C9872F18-12FB-4933-B2AF-F86710D4E1D8}.Release|x86.Build.0 = Release|x86
		{825093FC-FC5F-4AEB-96C6-B9569B5EF18A}.Debug|Any CPU.ActiveCfg = Debug|Any CPU
		{825093FC-FC5F-4AEB-96C6-B9569B5EF18A}.Debug|Any CPU.Build.0 = Debug|Any CPU
		{825093FC-FC5F-4AEB-96C6-B9569B5EF18A}.Debug|ARM.ActiveCfg = Debug|Any CPU
		{825093FC-FC5F-4AEB-96C6-B9569B5EF18A}.Debug|x86.ActiveCfg = Debug|Any CPU
		{825093FC-FC5F-4AEB-96C6-B9569B5EF18A}.Documentation|Any CPU.ActiveCfg = Debug|Any CPU
		{825093FC-FC5F-4AEB-96C6-B9569B5EF18A}.Documentation|Any CPU.Build.0 = Debug|Any CPU
		{825093FC-FC5F-4AEB-96C6-B9569B5EF18A}.Documentation|ARM.ActiveCfg = Debug|Any CPU
		{825093FC-FC5F-4AEB-96C6-B9569B5EF18A}.Documentation|x86.ActiveCfg = Debug|Any CPU
		{825093FC-FC5F-4AEB-96C6-B9569B5EF18A}.Release|Any CPU.ActiveCfg = Release|Any CPU
		{825093FC-FC5F-4AEB-96C6-B9569B5EF18A}.Release|Any CPU.Build.0 = Release|Any CPU
		{825093FC-FC5F-4AEB-96C6-B9569B5EF18A}.Release|ARM.ActiveCfg = Release|Any CPU
		{825093FC-FC5F-4AEB-96C6-B9569B5EF18A}.Release|x86.ActiveCfg = Release|Any CPU
	EndGlobalSection
	GlobalSection(SolutionProperties) = preSolution
		HideSolutionNode = FALSE
	EndGlobalSection
	GlobalSection(NestedProjects) = preSolution
		{0AFC4C8F-0F4A-4B4B-8074-556381D0EA0E} = {A9E07A71-B1DD-4FB1-8D9A-9D7A493FEBAB}
		{E96BA153-0F56-48CD-84F8-38B4C209BD91} = {A9E07A71-B1DD-4FB1-8D9A-9D7A493FEBAB}
		{771D4DAC-5637-4A7E-8697-0A65C57E541D} = {A9E07A71-B1DD-4FB1-8D9A-9D7A493FEBAB}
		{6FDD05F5-4E42-4A39-97FA-FC30154180D0} = {D64D747C-E635-4363-8903-8610862DE6AD}
		{24505CBC-406E-4BCE-91BD-281B89542F2C} = {D64D747C-E635-4363-8903-8610862DE6AD}
		{7C205F8D-858B-4596-8D6B-7622E4C51FD0} = {D64D747C-E635-4363-8903-8610862DE6AD}
		{E10B41F4-696D-465C-963D-086488E2B6AA} = {0AFC4C8F-0F4A-4B4B-8074-556381D0EA0E}
		{B659339D-A958-4F33-96E6-3A0CCFCBC5C1} = {0AFC4C8F-0F4A-4B4B-8074-556381D0EA0E}
		{A38225E2-BEF8-4EA4-8AC9-4A5B4F5EA85D} = {E96BA153-0F56-48CD-84F8-38B4C209BD91}
		{7473F5FC-A9BE-454E-9BB4-2C8876304AB0} = {E96BA153-0F56-48CD-84F8-38B4C209BD91}
		{7DB00305-F5ED-4545-9D83-542132C8177E} = {E96BA153-0F56-48CD-84F8-38B4C209BD91}
		{1041C66C-6920-4D19-A922-C58783587F2F} = {198D8231-B87A-403A-B2F4-7EE8FC86CBF9}
		{8EFAC467-5DE2-4AC8-B90F-45E215BD9C20} = {198D8231-B87A-403A-B2F4-7EE8FC86CBF9}
		{708DD7F1-2492-4193-B6D2-0ECC32DFFD41} = {198D8231-B87A-403A-B2F4-7EE8FC86CBF9}
		{825093FC-FC5F-4AEB-96C6-B9569B5EF18A} = {198D8231-B87A-403A-B2F4-7EE8FC86CBF9}
		{5CB68F8C-6002-45D2-9C5F-AE7CF455EB6E} = {6FDD05F5-4E42-4A39-97FA-FC30154180D0}
		{BFB67E36-9DF1-473D-B5DC-D94C5199C624} = {6FDD05F5-4E42-4A39-97FA-FC30154180D0}
		{847B756A-5952-4E07-9CA9-33EDA38F6020} = {6FDD05F5-4E42-4A39-97FA-FC30154180D0}
		{F27F6581-D3FF-4EF1-8DC6-8DF8E53E4132} = {6FDD05F5-4E42-4A39-97FA-FC30154180D0}
		{A95D9802-2E43-41C4-AA68-C78AAAFECE10} = {24505CBC-406E-4BCE-91BD-281B89542F2C}
		{B0FD9F50-A375-44DD-AAAE-CCC2F94A99D1} = {24505CBC-406E-4BCE-91BD-281B89542F2C}
		{9A8E342F-2EB6-44ED-A305-A6E0074540C0} = {24505CBC-406E-4BCE-91BD-281B89542F2C}
		{F2F16272-0EBB-45B8-BF72-446220805B3C} = {9FB4DE9F-644D-4005-9631-45082801B142}
		{489C84B9-652E-44B9-A9D8-F890E3323CEA} = {9FB4DE9F-644D-4005-9631-45082801B142}
		{F00F5BE1-B77C-4684-82AA-E75B6E2D6064} = {9FB4DE9F-644D-4005-9631-45082801B142}
		{B0732168-5A31-45CB-BD21-F40824E21B7D} = {489C84B9-652E-44B9-A9D8-F890E3323CEA}
		{E6C67475-9EE3-475E-BAB7-4AB54A0A4D7D} = {489C84B9-652E-44B9-A9D8-F890E3323CEA}
		{220024A8-7ABF-42A6-A476-0684C1E65110} = {489C84B9-652E-44B9-A9D8-F890E3323CEA}
		{D61EA64F-C690-4F1C-A39F-CADB5F469715} = {F00F5BE1-B77C-4684-82AA-E75B6E2D6064}
		{775281EB-1028-4CB7-B2F0-A013CE6FA1ED} = {F00F5BE1-B77C-4684-82AA-E75B6E2D6064}
		{E38A04FD-8ECC-4388-AF83-A7A9CE6EC147} = {BA450DBA-9A2A-4300-924F-19FB91AAA291}
		{F9D7CD89-DEF0-4F70-B422-FD496421B5FD} = {BA450DBA-9A2A-4300-924F-19FB91AAA291}
		{E00BA640-8886-4FEE-8484-19CE7FB3D9BF} = {E38A04FD-8ECC-4388-AF83-A7A9CE6EC147}
		{69544DA2-22F5-417B-80E4-0FFB3851662C} = {E38A04FD-8ECC-4388-AF83-A7A9CE6EC147}
		{C9872F18-12FB-4933-B2AF-F86710D4E1D8} = {E38A04FD-8ECC-4388-AF83-A7A9CE6EC147}
	EndGlobalSection
EndGlobal
